# generated by rye
# use `rye lock` or `rye sync` to update this lockfile
#
# last locked with the following flags:
#   pre: false
#   features: []
#   all-features: false
#   with-sources: false
#   generate-hashes: false
#   universal: false

-e file:.
lxml==5.3.0
    # via azw2zip
nuitka==2.4.11
    # via azw2zip
ordered-set==4.1.0
    # via nuitka
pycryptodome==3.21.0
    # via azw2zip
zstandard==0.23.0
    # via nuitka
